
Microsoft Visual Studio Solution File, Format Version 12.00
# Visual Studio Version 17
VisualStudioVersion = 17.2.32616.157
MinimumVisualStudioVersion = 10.0.40219.1
Project("{9A19103F-16F7-4668-BE54-9A1E7A4F7556}") = "DesignPatternsGoF", "DesignPatternsGoF\DesignPatternsGoF.csproj", "{3487A458-D9B8-4102-A343-CC74AB06C68F}"
EndProject
Project("{2150E333-8FDC-42A3-9474-1A3956D46DE8}") = "CreationalPatterns", "CreationalPatterns", "{58897E1A-0DDD-40EA-972D-0BADA3B4F494}"
EndProject
Project("{9A19103F-16F7-4668-BE54-9A1E7A4F7556}") = "AbstractFactory", "AbstractFactory\AbstractFactory.csproj", "{342CFC86-D1AD-4D6E-AD3E-F80B2C8AEC51}"
EndProject
Project("{9A19103F-16F7-4668-BE54-9A1E7A4F7556}") = "Builder", "Builder\Builder.csproj", "{6FEBAF35-21C4-4268-B401-57EAEB50484E}"
EndProject
Project("{9A19103F-16F7-4668-BE54-9A1E7A4F7556}") = "FactoryMethod", "FactoryMethod\FactoryMethod.csproj", "{767F4824-5EFE-430C-894A-6DC78536B97E}"
EndProject
Project("{9A19103F-16F7-4668-BE54-9A1E7A4F7556}") = "Prototype", "Prototype\Prototype.csproj", "{EE079DA4-10E3-471F-9E9D-12D04954F5DC}"
EndProject
Project("{9A19103F-16F7-4668-BE54-9A1E7A4F7556}") = "Singleton", "Singleton\Singleton.csproj", "{6B641BD0-C135-47FF-AF2E-A111C9DB291C}"
EndProject
Project("{2150E333-8FDC-42A3-9474-1A3956D46DE8}") = "StructuralPatterns", "StructuralPatterns", "{5E100F8B-1D15-46FE-AF11-8250AAD696EB}"
EndProject
Project("{9A19103F-16F7-4668-BE54-9A1E7A4F7556}") = "Adapter", "Adapter\Adapter.csproj", "{A8D7A622-65A6-482C-A911-61990B26224E}"
EndProject
Project("{9A19103F-16F7-4668-BE54-9A1E7A4F7556}") = "Bridge", "Bridge\Bridge.csproj", "{52982C74-744F-4F32-86A4-ED588D235612}"
EndProject
Project("{9A19103F-16F7-4668-BE54-9A1E7A4F7556}") = "Composite", "Composite\Composite.csproj", "{5215AFFA-8EE4-4188-A520-52F8351D1B70}"
EndProject
Project("{9A19103F-16F7-4668-BE54-9A1E7A4F7556}") = "Decorator", "Decorator\Decorator.csproj", "{0A1CCC48-B7D5-41D4-990C-0FC3FDFF346D}"
EndProject
Project("{9A19103F-16F7-4668-BE54-9A1E7A4F7556}") = "Facade", "Facade\Facade.csproj", "{90BE8472-31B7-4334-8A82-9CCDCBF5B263}"
EndProject
Project("{9A19103F-16F7-4668-BE54-9A1E7A4F7556}") = "Flyweight", "Flyweight\Flyweight.csproj", "{922B1ECC-A645-421A-8E16-9C69697B5645}"
EndProject
Project("{9A19103F-16F7-4668-BE54-9A1E7A4F7556}") = "Proxy", "Proxy\Proxy.csproj", "{9CED1E14-79C9-4233-A2B7-5645C17B512B}"
EndProject
Project("{2150E333-8FDC-42A3-9474-1A3956D46DE8}") = "BehavioralPatterns", "BehavioralPatterns", "{3E5CF24B-AD75-4877-A9C3-F7DEA7E99CA4}"
EndProject
Project("{9A19103F-16F7-4668-BE54-9A1E7A4F7556}") = "ChainOfResponsibility", "ChainOfResponsibility\ChainOfResponsibility.csproj", "{494A3B62-D9FC-424F-A20F-7C0FEB1CD625}"
EndProject
Project("{9A19103F-16F7-4668-BE54-9A1E7A4F7556}") = "Command", "Command\Command.csproj", "{E249AC49-BFB4-4131-A824-D96A4455D462}"
EndProject
Project("{9A19103F-16F7-4668-BE54-9A1E7A4F7556}") = "Interpreter", "Interpreter\Interpreter.csproj", "{9325E7B5-DDF2-4374-945D-26EC780613B5}"
EndProject
Project("{9A19103F-16F7-4668-BE54-9A1E7A4F7556}") = "Iterator", "Iterator\Iterator.csproj", "{D437651E-BC55-4D91-A0C7-5BC5D29564EF}"
EndProject
Project("{9A19103F-16F7-4668-BE54-9A1E7A4F7556}") = "Mediator", "Mediator\Mediator.csproj", "{E3381111-B2A3-482E-8141-03E829202288}"
EndProject
Project("{9A19103F-16F7-4668-BE54-9A1E7A4F7556}") = "Memento", "Memento\Memento.csproj", "{04F12416-C955-431D-8225-FA303FC5CF8E}"
EndProject
Project("{9A19103F-16F7-4668-BE54-9A1E7A4F7556}") = "Observer", "Observer\Observer.csproj", "{141F2BA9-F7FB-4563-8070-40FE32B2BD68}"
EndProject
Project("{9A19103F-16F7-4668-BE54-9A1E7A4F7556}") = "State", "State\State.csproj", "{CB1FEC41-F812-40A1-B877-F8838622CE84}"
EndProject
Project("{FAE04EC0-301F-11D3-BF4B-00C04F79EFBC}") = "Strategy", "Strategy\Strategy.csproj", "{3EB11401-58B5-4816-A4C2-CCFD9C3052ED}"
EndProject
Project("{FAE04EC0-301F-11D3-BF4B-00C04F79EFBC}") = "TemplateMethod", "TemplateMethod\TemplateMethod.csproj", "{1A73879B-0369-4E31-BA6B-0A33A00EB4AE}"
EndProject
Project("{FAE04EC0-301F-11D3-BF4B-00C04F79EFBC}") = "Visitor", "Visitor\Visitor.csproj", "{99438FF2-ED73-4009-99F2-8EEFC903EED4}"
EndProject
Global
	GlobalSection(SolutionConfigurationPlatforms) = preSolution
		Debug|Any CPU = Debug|Any CPU
		Release|Any CPU = Release|Any CPU
	EndGlobalSection
	GlobalSection(ProjectConfigurationPlatforms) = postSolution
		{3487A458-D9B8-4102-A343-CC74AB06C68F}.Debug|Any CPU.ActiveCfg = Debug|Any CPU
		{3487A458-D9B8-4102-A343-CC74AB06C68F}.Debug|Any CPU.Build.0 = Debug|Any CPU
		{3487A458-D9B8-4102-A343-CC74AB06C68F}.Release|Any CPU.ActiveCfg = Release|Any CPU
		{3487A458-D9B8-4102-A343-CC74AB06C68F}.Release|Any CPU.Build.0 = Release|Any CPU
		{342CFC86-D1AD-4D6E-AD3E-F80B2C8AEC51}.Debug|Any CPU.ActiveCfg = Debug|Any CPU
		{342CFC86-D1AD-4D6E-AD3E-F80B2C8AEC51}.Debug|Any CPU.Build.0 = Debug|Any CPU
		{342CFC86-D1AD-4D6E-AD3E-F80B2C8AEC51}.Release|Any CPU.ActiveCfg = Release|Any CPU
		{342CFC86-D1AD-4D6E-AD3E-F80B2C8AEC51}.Release|Any CPU.Build.0 = Release|Any CPU
		{6FEBAF35-21C4-4268-B401-57EAEB50484E}.Debug|Any CPU.ActiveCfg = Debug|Any CPU
		{6FEBAF35-21C4-4268-B401-57EAEB50484E}.Debug|Any CPU.Build.0 = Debug|Any CPU
		{6FEBAF35-21C4-4268-B401-57EAEB50484E}.Release|Any CPU.ActiveCfg = Release|Any CPU
		{6FEBAF35-21C4-4268-B401-57EAEB50484E}.Release|Any CPU.Build.0 = Release|Any CPU
		{767F4824-5EFE-430C-894A-6DC78536B97E}.Debug|Any CPU.ActiveCfg = Debug|Any CPU
		{767F4824-5EFE-430C-894A-6DC78536B97E}.Debug|Any CPU.Build.0 = Debug|Any CPU
		{767F4824-5EFE-430C-894A-6DC78536B97E}.Release|Any CPU.ActiveCfg = Release|Any CPU
		{767F4824-5EFE-430C-894A-6DC78536B97E}.Release|Any CPU.Build.0 = Release|Any CPU
		{EE079DA4-10E3-471F-9E9D-12D04954F5DC}.Debug|Any CPU.ActiveCfg = Debug|Any CPU
		{EE079DA4-10E3-471F-9E9D-12D04954F5DC}.Debug|Any CPU.Build.0 = Debug|Any CPU
		{EE079DA4-10E3-471F-9E9D-12D04954F5DC}.Release|Any CPU.ActiveCfg = Release|Any CPU
		{EE079DA4-10E3-471F-9E9D-12D04954F5DC}.Release|Any CPU.Build.0 = Release|Any CPU
		{6B641BD0-C135-47FF-AF2E-A111C9DB291C}.Debug|Any CPU.ActiveCfg = Debug|Any CPU
		{6B641BD0-C135-47FF-AF2E-A111C9DB291C}.Debug|Any CPU.Build.0 = Debug|Any CPU
		{6B641BD0-C135-47FF-AF2E-A111C9DB291C}.Release|Any CPU.ActiveCfg = Release|Any CPU
		{6B641BD0-C135-47FF-AF2E-A111C9DB291C}.Release|Any CPU.Build.0 = Release|Any CPU
		{A8D7A622-65A6-482C-A911-61990B26224E}.Debug|Any CPU.ActiveCfg = Debug|Any CPU
		{A8D7A622-65A6-482C-A911-61990B26224E}.Debug|Any CPU.Build.0 = Debug|Any CPU
		{A8D7A622-65A6-482C-A911-61990B26224E}.Release|Any CPU.ActiveCfg = Release|Any CPU
		{A8D7A622-65A6-482C-A911-61990B26224E}.Release|Any CPU.Build.0 = Release|Any CPU
		{52982C74-744F-4F32-86A4-ED588D235612}.Debug|Any CPU.ActiveCfg = Debug|Any CPU
		{52982C74-744F-4F32-86A4-ED588D235612}.Debug|Any CPU.Build.0 = Debug|Any CPU
		{52982C74-744F-4F32-86A4-ED588D235612}.Release|Any CPU.ActiveCfg = Release|Any CPU
		{52982C74-744F-4F32-86A4-ED588D235612}.Release|Any CPU.Build.0 = Release|Any CPU
		{5215AFFA-8EE4-4188-A520-52F8351D1B70}.Debug|Any CPU.ActiveCfg = Debug|Any CPU
		{5215AFFA-8EE4-4188-A520-52F8351D1B70}.Debug|Any CPU.Build.0 = Debug|Any CPU
		{5215AFFA-8EE4-4188-A520-52F8351D1B70}.Release|Any CPU.ActiveCfg = Release|Any CPU
		{5215AFFA-8EE4-4188-A520-52F8351D1B70}.Release|Any CPU.Build.0 = Release|Any CPU
		{0A1CCC48-B7D5-41D4-990C-0FC3FDFF346D}.Debug|Any CPU.ActiveCfg = Debug|Any CPU
		{0A1CCC48-B7D5-41D4-990C-0FC3FDFF346D}.Debug|Any CPU.Build.0 = Debug|Any CPU
		{0A1CCC48-B7D5-41D4-990C-0FC3FDFF346D}.Release|Any CPU.ActiveCfg = Release|Any CPU
		{0A1CCC48-B7D5-41D4-990C-0FC3FDFF346D}.Release|Any CPU.Build.0 = Release|Any CPU
		{90BE8472-31B7-4334-8A82-9CCDCBF5B263}.Debug|Any CPU.ActiveCfg = Debug|Any CPU
		{90BE8472-31B7-4334-8A82-9CCDCBF5B263}.Debug|Any CPU.Build.0 = Debug|Any CPU
		{90BE8472-31B7-4334-8A82-9CCDCBF5B263}.Release|Any CPU.ActiveCfg = Release|Any CPU
		{90BE8472-31B7-4334-8A82-9CCDCBF5B263}.Release|Any CPU.Build.0 = Release|Any CPU
		{922B1ECC-A645-421A-8E16-9C69697B5645}.Debug|Any CPU.ActiveCfg = Debug|Any CPU
		{922B1ECC-A645-421A-8E16-9C69697B5645}.Debug|Any CPU.Build.0 = Debug|Any CPU
		{922B1ECC-A645-421A-8E16-9C69697B5645}.Release|Any CPU.ActiveCfg = Release|Any CPU
		{922B1ECC-A645-421A-8E16-9C69697B5645}.Release|Any CPU.Build.0 = Release|Any CPU
		{9CED1E14-79C9-4233-A2B7-5645C17B512B}.Debug|Any CPU.ActiveCfg = Debug|Any CPU
		{9CED1E14-79C9-4233-A2B7-5645C17B512B}.Debug|Any CPU.Build.0 = Debug|Any CPU
		{9CED1E14-79C9-4233-A2B7-5645C17B512B}.Release|Any CPU.ActiveCfg = Release|Any CPU
		{9CED1E14-79C9-4233-A2B7-5645C17B512B}.Release|Any CPU.Build.0 = Release|Any CPU
		{494A3B62-D9FC-424F-A20F-7C0FEB1CD625}.Debug|Any CPU.ActiveCfg = Debug|Any CPU
		{494A3B62-D9FC-424F-A20F-7C0FEB1CD625}.Debug|Any CPU.Build.0 = Debug|Any CPU
		{494A3B62-D9FC-424F-A20F-7C0FEB1CD625}.Release|Any CPU.ActiveCfg = Release|Any CPU
		{494A3B62-D9FC-424F-A20F-7C0FEB1CD625}.Release|Any CPU.Build.0 = Release|Any CPU
		{E249AC49-BFB4-4131-A824-D96A4455D462}.Debug|Any CPU.ActiveCfg = Debug|Any CPU
		{E249AC49-BFB4-4131-A824-D96A4455D462}.Debug|Any CPU.Build.0 = Debug|Any CPU
		{E249AC49-BFB4-4131-A824-D96A4455D462}.Release|Any CPU.ActiveCfg = Release|Any CPU
		{E249AC49-BFB4-4131-A824-D96A4455D462}.Release|Any CPU.Build.0 = Release|Any CPU
		{9325E7B5-DDF2-4374-945D-26EC780613B5}.Debug|Any CPU.ActiveCfg = Debug|Any CPU
		{9325E7B5-DDF2-4374-945D-26EC780613B5}.Debug|Any CPU.Build.0 = Debug|Any CPU
		{9325E7B5-DDF2-4374-945D-26EC780613B5}.Release|Any CPU.ActiveCfg = Release|Any CPU
		{9325E7B5-DDF2-4374-945D-26EC780613B5}.Release|Any CPU.Build.0 = Release|Any CPU
		{D437651E-BC55-4D91-A0C7-5BC5D29564EF}.Debug|Any CPU.ActiveCfg = Debug|Any CPU
		{D437651E-BC55-4D91-A0C7-5BC5D29564EF}.Debug|Any CPU.Build.0 = Debug|Any CPU
		{D437651E-BC55-4D91-A0C7-5BC5D29564EF}.Release|Any CPU.ActiveCfg = Release|Any CPU
		{D437651E-BC55-4D91-A0C7-5BC5D29564EF}.Release|Any CPU.Build.0 = Release|Any CPU
		{E3381111-B2A3-482E-8141-03E829202288}.Debug|Any CPU.ActiveCfg = Debug|Any CPU
		{E3381111-B2A3-482E-8141-03E829202288}.Debug|Any CPU.Build.0 = Debug|Any CPU
		{E3381111-B2A3-482E-8141-03E829202288}.Release|Any CPU.ActiveCfg = Release|Any CPU
		{E3381111-B2A3-482E-8141-03E829202288}.Release|Any CPU.Build.0 = Release|Any CPU
		{04F12416-C955-431D-8225-FA303FC5CF8E}.Debug|Any CPU.ActiveCfg = Debug|Any CPU
		{04F12416-C955-431D-8225-FA303FC5CF8E}.Debug|Any CPU.Build.0 = Debug|Any CPU
		{04F12416-C955-431D-8225-FA303FC5CF8E}.Release|Any CPU.ActiveCfg = Release|Any CPU
		{04F12416-C955-431D-8225-FA303FC5CF8E}.Release|Any CPU.Build.0 = Release|Any CPU
		{141F2BA9-F7FB-4563-8070-40FE32B2BD68}.Debug|Any CPU.ActiveCfg = Debug|Any CPU
		{141F2BA9-F7FB-4563-8070-40FE32B2BD68}.Debug|Any CPU.Build.0 = Debug|Any CPU
		{141F2BA9-F7FB-4563-8070-40FE32B2BD68}.Release|Any CPU.ActiveCfg = Release|Any CPU
		{141F2BA9-F7FB-4563-8070-40FE32B2BD68}.Release|Any CPU.Build.0 = Release|Any CPU
		{CB1FEC41-F812-40A1-B877-F8838622CE84}.Debug|Any CPU.ActiveCfg = Debug|Any CPU
		{CB1FEC41-F812-40A1-B877-F8838622CE84}.Debug|Any CPU.Build.0 = Debug|Any CPU
		{CB1FEC41-F812-40A1-B877-F8838622CE84}.Release|Any CPU.ActiveCfg = Release|Any CPU
		{CB1FEC41-F812-40A1-B877-F8838622CE84}.Release|Any CPU.Build.0 = Release|Any CPU
		{3EB11401-58B5-4816-A4C2-CCFD9C3052ED}.Debug|Any CPU.ActiveCfg = Debug|Any CPU
		{3EB11401-58B5-4816-A4C2-CCFD9C3052ED}.Debug|Any CPU.Build.0 = Debug|Any CPU
		{3EB11401-58B5-4816-A4C2-CCFD9C3052ED}.Release|Any CPU.ActiveCfg = Release|Any CPU
		{3EB11401-58B5-4816-A4C2-CCFD9C3052ED}.Release|Any CPU.Build.0 = Release|Any CPU
		{1A73879B-0369-4E31-BA6B-0A33A00EB4AE}.Debug|Any CPU.ActiveCfg = Debug|Any CPU
		{1A73879B-0369-4E31-BA6B-0A33A00EB4AE}.Debug|Any CPU.Build.0 = Debug|Any CPU
		{1A73879B-0369-4E31-BA6B-0A33A00EB4AE}.Release|Any CPU.ActiveCfg = Release|Any CPU
		{1A73879B-0369-4E31-BA6B-0A33A00EB4AE}.Release|Any CPU.Build.0 = Release|Any CPU
		{99438FF2-ED73-4009-99F2-8EEFC903EED4}.Debug|Any CPU.ActiveCfg = Debug|Any CPU
		{99438FF2-ED73-4009-99F2-8EEFC903EED4}.Debug|Any CPU.Build.0 = Debug|Any CPU
		{99438FF2-ED73-4009-99F2-8EEFC903EED4}.Release|Any CPU.ActiveCfg = Release|Any CPU
		{99438FF2-ED73-4009-99F2-8EEFC903EED4}.Release|Any CPU.Build.0 = Release|Any CPU
	EndGlobalSection
	GlobalSection(SolutionProperties) = preSolution
		HideSolutionNode = FALSE
	EndGlobalSection
	GlobalSection(NestedProjects) = preSolution
		{342CFC86-D1AD-4D6E-AD3E-F80B2C8AEC51} = {58897E1A-0DDD-40EA-972D-0BADA3B4F494}
		{6FEBAF35-21C4-4268-B401-57EAEB50484E} = {58897E1A-0DDD-40EA-972D-0BADA3B4F494}
		{767F4824-5EFE-430C-894A-6DC78536B97E} = {58897E1A-0DDD-40EA-972D-0BADA3B4F494}
		{EE079DA4-10E3-471F-9E9D-12D04954F5DC} = {58897E1A-0DDD-40EA-972D-0BADA3B4F494}
		{6B641BD0-C135-47FF-AF2E-A111C9DB291C} = {58897E1A-0DDD-40EA-972D-0BADA3B4F494}
		{A8D7A622-65A6-482C-A911-61990B26224E} = {5E100F8B-1D15-46FE-AF11-8250AAD696EB}
		{52982C74-744F-4F32-86A4-ED588D235612} = {5E100F8B-1D15-46FE-AF11-8250AAD696EB}
		{5215AFFA-8EE4-4188-A520-52F8351D1B70} = {5E100F8B-1D15-46FE-AF11-8250AAD696EB}
		{0A1CCC48-B7D5-41D4-990C-0FC3FDFF346D} = {5E100F8B-1D15-46FE-AF11-8250AAD696EB}
		{90BE8472-31B7-4334-8A82-9CCDCBF5B263} = {5E100F8B-1D15-46FE-AF11-8250AAD696EB}
		{922B1ECC-A645-421A-8E16-9C69697B5645} = {5E100F8B-1D15-46FE-AF11-8250AAD696EB}
		{9CED1E14-79C9-4233-A2B7-5645C17B512B} = {5E100F8B-1D15-46FE-AF11-8250AAD696EB}
		{494A3B62-D9FC-424F-A20F-7C0FEB1CD625} = {3E5CF24B-AD75-4877-A9C3-F7DEA7E99CA4}
		{E249AC49-BFB4-4131-A824-D96A4455D462} = {3E5CF24B-AD75-4877-A9C3-F7DEA7E99CA4}
		{9325E7B5-DDF2-4374-945D-26EC780613B5} = {3E5CF24B-AD75-4877-A9C3-F7DEA7E99CA4}
		{D437651E-BC55-4D91-A0C7-5BC5D29564EF} = {3E5CF24B-AD75-4877-A9C3-F7DEA7E99CA4}
		{E3381111-B2A3-482E-8141-03E829202288} = {3E5CF24B-AD75-4877-A9C3-F7DEA7E99CA4}
		{04F12416-C955-431D-8225-FA303FC5CF8E} = {3E5CF24B-AD75-4877-A9C3-F7DEA7E99CA4}
		{141F2BA9-F7FB-4563-8070-40FE32B2BD68} = {3E5CF24B-AD75-4877-A9C3-F7DEA7E99CA4}
		{CB1FEC41-F812-40A1-B877-F8838622CE84} = {3E5CF24B-AD75-4877-A9C3-F7DEA7E99CA4}
		{3EB11401-58B5-4816-A4C2-CCFD9C3052ED} = {3E5CF24B-AD75-4877-A9C3-F7DEA7E99CA4}
		{1A73879B-0369-4E31-BA6B-0A33A00EB4AE} = {3E5CF24B-AD75-4877-A9C3-F7DEA7E99CA4}
		{99438FF2-ED73-4009-99F2-8EEFC903EED4} = {3E5CF24B-AD75-4877-A9C3-F7DEA7E99CA4}
	EndGlobalSection
	GlobalSection(ExtensibilityGlobals) = postSolution
		SolutionGuid = {C1A0FB63-92BE-4ED0-8C0A-BE9A085EF275}
	EndGlobalSection
EndGlobal
