
Microsoft Visual Studio Solution File, Format Version 12.00
# Visual Studio Version 17
VisualStudioVersion = 17.2.32616.157
MinimumVisualStudioVersion = 10.0.40219.1
Project("{9A19103F-16F7-4668-BE54-9A1E7A4F7556}") = "DesignPatternsGoF", "DesignPatternsGoF\DesignPatternsGoF.csproj", "{3487A458-D9B8-4102-A343-CC74AB06C68F}"
EndProject
Project("{2150E333-8FDC-42A3-9474-1A3956D46DE8}") = "CreationalPatterns", "CreationalPatterns", "{58897E1A-0DDD-40EA-972D-0BADA3B4F494}"
EndProject
Project("{9A19103F-16F7-4668-BE54-9A1E7A4F7556}") = "AbstractFactory", "AbstractFactory\AbstractFactory.csproj", "{342CFC86-D1AD-4D6E-AD3E-F80B2C8AEC51}"
EndProject
Project("{FAE04EC0-301F-11D3-BF4B-00C04F79EFBC}") = "Builder", "Builder\Builder.csproj", "{6FEBAF35-21C4-4268-B401-57EAEB50484E}"
EndProject
Global
	GlobalSection(SolutionConfigurationPlatforms) = preSolution
		Debug|Any CPU = Debug|Any CPU
		Release|Any CPU = Release|Any CPU
	EndGlobalSection
	GlobalSection(ProjectConfigurationPlatforms) = postSolution
		{3487A458-D9B8-4102-A343-CC74AB06C68F}.Debug|Any CPU.ActiveCfg = Debug|Any CPU
		{3487A458-D9B8-4102-A343-CC74AB06C68F}.Debug|Any CPU.Build.0 = Debug|Any CPU
		{3487A458-D9B8-4102-A343-CC74AB06C68F}.Release|Any CPU.ActiveCfg = Release|Any CPU
		{3487A458-D9B8-4102-A343-CC74AB06C68F}.Release|Any CPU.Build.0 = Release|Any CPU
		{342CFC86-D1AD-4D6E-AD3E-F80B2C8AEC51}.Debug|Any CPU.ActiveCfg = Debug|Any CPU
		{342CFC86-D1AD-4D6E-AD3E-F80B2C8AEC51}.Debug|Any CPU.Build.0 = Debug|Any CPU
		{342CFC86-D1AD-4D6E-AD3E-F80B2C8AEC51}.Release|Any CPU.ActiveCfg = Release|Any CPU
		{342CFC86-D1AD-4D6E-AD3E-F80B2C8AEC51}.Release|Any CPU.Build.0 = Release|Any CPU
		{6FEBAF35-21C4-4268-B401-57EAEB50484E}.Debug|Any CPU.ActiveCfg = Debug|Any CPU
		{6FEBAF35-21C4-4268-B401-57EAEB50484E}.Debug|Any CPU.Build.0 = Debug|Any CPU
		{6FEBAF35-21C4-4268-B401-57EAEB50484E}.Release|Any CPU.ActiveCfg = Release|Any CPU
		{6FEBAF35-21C4-4268-B401-57EAEB50484E}.Release|Any CPU.Build.0 = Release|Any CPU
	EndGlobalSection
	GlobalSection(SolutionProperties) = preSolution
		HideSolutionNode = FALSE
	EndGlobalSection
	GlobalSection(NestedProjects) = preSolution
		{342CFC86-D1AD-4D6E-AD3E-F80B2C8AEC51} = {58897E1A-0DDD-40EA-972D-0BADA3B4F494}
		{6FEBAF35-21C4-4268-B401-57EAEB50484E} = {58897E1A-0DDD-40EA-972D-0BADA3B4F494}
	EndGlobalSection
	GlobalSection(ExtensibilityGlobals) = postSolution
		SolutionGuid = {C1A0FB63-92BE-4ED0-8C0A-BE9A085EF275}
	EndGlobalSection
EndGlobal
